<Solution>
  <Folder Name="/src/">
    <Project Path="src/Matgar.Api/Matgar.Api.csproj" />
    <Project Path="src/Matgar.Application/Matgar.Application.csproj" />
    <Project Path="src/Matgar.Domain/Matgar.Domain.csproj" />
    <Project Path="src/Matgar.Infrastructure/Matgar.Infrastructure.csproj" />
  </Folder>
  <Folder Name="/tests/">
    <Project Path="tests/Matgar.Application.Tests/Matgar.Application.Tests.csproj" />
    <Project Path="tests/Matgar.LoadTests/Matgar.LoadTests.csproj" />
  </Folder>
</Solution>
